{
  "originHash" : "786e82c153a5dee34885c43c658cbd6901ea1e4d21dbb64b506b775676252eea",
  "pins" : [
    {
      "identity" : "alamofire",
      "kind" : "remoteSourceControl",
      "location" : "https://github.com/Alamofire/Alamofire",
      "state" : {
        "revision" : "513364f870f6bfc468f9d2ff0a95caccc10044c5",
        "version" : "5.10.2"
      }
    },
    {
      "identity" : "swiftui-cached-async-image",
      "kind" : "remoteSourceControl",
      "location" : "https://github.com/lorenzofiamingo/swiftui-cached-async-image",
      "state" : {
        "revision" : "467a3d17479887943ab917a379e62bbaff60ac8a",
        "version" : "2.1.1"
      }
    },
    {
      "identity" : "swiftui-toasts",
      "kind" : "remoteSourceControl",
      "location" : "https://github.com/sunghyun-k/swiftui-toasts",
      "state" : {
        "revision" : "a9e96531424d3d0f6891076efefe86bb911448dc",
        "version" : "0.2.0"
      }
    },
    {
      "identity" : "swiftui-window-overlay",
      "kind" : "remoteSourceControl",
      "location" : "https://github.com/sunghyun-k/swiftui-window-overlay.git",
      "state" : {
        "revision" : "af0adae224dfe27e094bdef19a71fa4cc020cfbb",
        "version" : "1.0.1"
      }
    }
  ],
  "version" : 3
}
